
Microsoft Visual Studio Solution File, Format Version 12.00
Project("{FAE04EC0-301F-11D3-BF4B-00C04F79EFBC}") = "DeepBotJeer", "DeepBotJeer\DeepBotJeer.csproj", "{0362B5B6-2A27-4653-B00C-CF7D40B5809D}"
EndProject
Global
	GlobalSection(SolutionConfigurationPlatforms) = preSolution
		Debug|Any CPU = Debug|Any CPU
		Release|Any CPU = Release|Any CPU
	EndGlobalSection
	GlobalSection(ProjectConfigurationPlatforms) = postSolution
		{0362B5B6-2A27-4653-B00C-CF7D40B5809D}.Debug|Any CPU.ActiveCfg = Debug|Any CPU
		{0362B5B6-2A27-4653-B00C-CF7D40B5809D}.Debug|Any CPU.Build.0 = Debug|Any CPU
		{0362B5B6-2A27-4653-B00C-CF7D40B5809D}.Release|Any CPU.ActiveCfg = Release|Any CPU
		{0362B5B6-2A27-4653-B00C-CF7D40B5809D}.Release|Any CPU.Build.0 = Release|Any CPU
	EndGlobalSection
EndGlobal
